
Microsoft Visual Studio Solution File, Format Version 12.00
# Visual Studio Version 16
VisualStudioVersion = 16.0.28803.352
MinimumVisualStudioVersion = 10.0.40219.1
Project("{FAE04EC0-301F-11D3-BF4B-00C04F79EFBC}") = "LZWEncoder", "LZWEncoder\LZWEncoder.csproj", "{656AC8BB-93BE-49BA-8201-AD9C9327DFD9}"
EndProject
Global
	GlobalSection(SolutionConfigurationPlatforms) = preSolution
		Debug|Any CPU = Debug|Any CPU
		Release|Any CPU = Release|Any CPU
	EndGlobalSection
	GlobalSection(ProjectConfigurationPlatforms) = postSolution
		{656AC8BB-93BE-49BA-8201-AD9C9327DFD9}.Debug|Any CPU.ActiveCfg = Debug|Any CPU
		{656AC8BB-93BE-49BA-8201-AD9C9327DFD9}.Debug|Any CPU.Build.0 = Debug|Any CPU
		{656AC8BB-93BE-49BA-8201-AD9C9327DFD9}.Release|Any CPU.ActiveCfg = Release|Any CPU
		{656AC8BB-93BE-49BA-8201-AD9C9327DFD9}.Release|Any CPU.Build.0 = Release|Any CPU
	EndGlobalSection
	GlobalSection(SolutionProperties) = preSolution
		HideSolutionNode = FALSE
	EndGlobalSection
	GlobalSection(ExtensibilityGlobals) = postSolution
		SolutionGuid = {01F141AF-48E3-4318-AD3F-C2393B038779}
	EndGlobalSection
EndGlobal
